# This file is automatically @generated by Poetry 2.1.3 and should not be changed by hand.

[[package]]
name = "common"
version = "0.1.0"
description = "Common migration utilities"
optional = false
python-versions = ">=3.10"
groups = ["main"]
files = []
develop = false

[package.source]
type = "directory"
url = "../common"

[[package]]
name = "tomlkit"
version = "0.13.2"
description = "Style preserving TOML library"
optional = false
python-versions = ">=3.8"
groups = ["main"]
files = [
    {file = "tomlkit-0.13.2-py3-none-any.whl", hash = "sha256:7a974427f6e119197f670fbbbeae7bef749a6c14e793db934baefc1b5f03efde"},
    {file = "tomlkit-0.13.2.tar.gz", hash = "sha256:fff5fe59a87295b278abd31bec92c15d9bc4a06885ab12bcea52c71119392e79"},
]

[metadata]
lock-version = "2.1"
python-versions = ">=3.10"
content-hash = "ac45718893aff931c57841618c9240195f4a12b10d6c2be50c1e7229478e7877"
